
Microsoft Visual Studio Solution File, Format Version 12.00
# Visual Studio Version 17
VisualStudioVersion = 17.3.32901.215
MinimumVisualStudioVersion = 10.0.40219.1
Project("{9A19103F-16F7-4668-BE54-9A1E7A4F7556}") = "Task1", "Task1\Task1.csproj", "{D9E3FEDE-6957-4415-A06A-5DD466895E5A}"
EndProject
Project("{FAE04EC0-301F-11D3-BF4B-00C04F79EFBC}") = "Task2", "Task2\Task2.csproj", "{FFB999D1-A8A6-4DB2-BAAA-C77DC7E40C28}"
EndProject
Project("{FAE04EC0-301F-11D3-BF4B-00C04F79EFBC}") = "Task3", "Task3\Task3.csproj", "{B9CFFB53-EC17-4A64-B3F5-911A8C3F779E}"
EndProject
Project("{FAE04EC0-301F-11D3-BF4B-00C04F79EFBC}") = "Task6", "Task6\Task6.csproj", "{22C507DA-A0B6-4A88-A1BE-C92A1BC609BC}"
EndProject
Global
	GlobalSection(SolutionConfigurationPlatforms) = preSolution
		Debug|Any CPU = Debug|Any CPU
		Release|Any CPU = Release|Any CPU
	EndGlobalSection
	GlobalSection(ProjectConfigurationPlatforms) = postSolution
		{D9E3FEDE-6957-4415-A06A-5DD466895E5A}.Debug|Any CPU.ActiveCfg = Debug|Any CPU
		{D9E3FEDE-6957-4415-A06A-5DD466895E5A}.Debug|Any CPU.Build.0 = Debug|Any CPU
		{D9E3FEDE-6957-4415-A06A-5DD466895E5A}.Release|Any CPU.ActiveCfg = Release|Any CPU
		{D9E3FEDE-6957-4415-A06A-5DD466895E5A}.Release|Any CPU.Build.0 = Release|Any CPU
		{FFB999D1-A8A6-4DB2-BAAA-C77DC7E40C28}.Debug|Any CPU.ActiveCfg = Debug|Any CPU
		{FFB999D1-A8A6-4DB2-BAAA-C77DC7E40C28}.Debug|Any CPU.Build.0 = Debug|Any CPU
		{FFB999D1-A8A6-4DB2-BAAA-C77DC7E40C28}.Release|Any CPU.ActiveCfg = Release|Any CPU
		{FFB999D1-A8A6-4DB2-BAAA-C77DC7E40C28}.Release|Any CPU.Build.0 = Release|Any CPU
		{B9CFFB53-EC17-4A64-B3F5-911A8C3F779E}.Debug|Any CPU.ActiveCfg = Debug|Any CPU
		{B9CFFB53-EC17-4A64-B3F5-911A8C3F779E}.Debug|Any CPU.Build.0 = Debug|Any CPU
		{B9CFFB53-EC17-4A64-B3F5-911A8C3F779E}.Release|Any CPU.ActiveCfg = Release|Any CPU
		{B9CFFB53-EC17-4A64-B3F5-911A8C3F779E}.Release|Any CPU.Build.0 = Release|Any CPU
		{22C507DA-A0B6-4A88-A1BE-C92A1BC609BC}.Debug|Any CPU.ActiveCfg = Debug|Any CPU
		{22C507DA-A0B6-4A88-A1BE-C92A1BC609BC}.Debug|Any CPU.Build.0 = Debug|Any CPU
		{22C507DA-A0B6-4A88-A1BE-C92A1BC609BC}.Release|Any CPU.ActiveCfg = Release|Any CPU
		{22C507DA-A0B6-4A88-A1BE-C92A1BC609BC}.Release|Any CPU.Build.0 = Release|Any CPU
	EndGlobalSection
	GlobalSection(SolutionProperties) = preSolution
		HideSolutionNode = FALSE
	EndGlobalSection
	GlobalSection(ExtensibilityGlobals) = postSolution
		SolutionGuid = {01270E28-09A3-44D2-8D0A-ED4ACD36F63A}
	EndGlobalSection
EndGlobal
